
Microsoft Visual Studio Solution File, Format Version 12.00
# Visual Studio 15
VisualStudioVersion = 15.0.27130.2010
MinimumVisualStudioVersion = 10.0.40219.1
Project("{FAE04EC0-301F-11D3-BF4B-00C04F79EFBC}") = "remove-node", "remove-node\remove-node.csproj", "{F3ED1FA0-35D5-45F5-AA7A-A7813F20F42B}"
EndProject
Global
	GlobalSection(SolutionConfigurationPlatforms) = preSolution
		Debug|Any CPU = Debug|Any CPU
		Release|Any CPU = Release|Any CPU
	EndGlobalSection
	GlobalSection(ProjectConfigurationPlatforms) = postSolution
		{F3ED1FA0-35D5-45F5-AA7A-A7813F20F42B}.Debug|Any CPU.ActiveCfg = Debug|Any CPU
		{F3ED1FA0-35D5-45F5-AA7A-A7813F20F42B}.Debug|Any CPU.Build.0 = Debug|Any CPU
		{F3ED1FA0-35D5-45F5-AA7A-A7813F20F42B}.Release|Any CPU.ActiveCfg = Release|Any CPU
		{F3ED1FA0-35D5-45F5-AA7A-A7813F20F42B}.Release|Any CPU.Build.0 = Release|Any CPU
	EndGlobalSection
	GlobalSection(SolutionProperties) = preSolution
		HideSolutionNode = FALSE
	EndGlobalSection
	GlobalSection(ExtensibilityGlobals) = postSolution
		SolutionGuid = {FEE2966A-0FA0-4AD8-98E5-4E3EE6466C98}
	EndGlobalSection
EndGlobal
